
Microsoft Visual Studio Solution File, Format Version 12.00
# Visual Studio Version 17
VisualStudioVersion = 17.5.33530.505
MinimumVisualStudioVersion = 10.0.40219.1
Project("{FAE04EC0-301F-11D3-BF4B-00C04F79EFBC}") = "OOP_Cinephile.Net", "OOP_Cinephile.Net\OOP_Cinephile.Net.csproj", "{7AAADB2A-899F-4AB0-B693-F998AD8E3BC4}"
EndProject
Global
	GlobalSection(SolutionConfigurationPlatforms) = preSolution
		Debug|Any CPU = Debug|Any CPU
		Release|Any CPU = Release|Any CPU
	EndGlobalSection
	GlobalSection(ProjectConfigurationPlatforms) = postSolution
		{7AAADB2A-899F-4AB0-B693-F998AD8E3BC4}.Debug|Any CPU.ActiveCfg = Debug|Any CPU
		{7AAADB2A-899F-4AB0-B693-F998AD8E3BC4}.Debug|Any CPU.Build.0 = Debug|Any CPU
		{7AAADB2A-899F-4AB0-B693-F998AD8E3BC4}.Release|Any CPU.ActiveCfg = Release|Any CPU
		{7AAADB2A-899F-4AB0-B693-F998AD8E3BC4}.Release|Any CPU.Build.0 = Release|Any CPU
	EndGlobalSection
	GlobalSection(SolutionProperties) = preSolution
		HideSolutionNode = FALSE
	EndGlobalSection
	GlobalSection(ExtensibilityGlobals) = postSolution
		SolutionGuid = {354C3449-B987-478C-A3FA-513DACAF7F6A}
	EndGlobalSection
EndGlobal
